
Microsoft Visual Studio Solution File, Format Version 12.00
# Visual Studio Version 16
VisualStudioVersion = 16.0.30114.105
MinimumVisualStudioVersion = 10.0.40219.1
Project("{2150E333-8FDC-42A3-9474-1A3956D46DE8}") = "src", "src", "{BBDD89CC-B3D9-4B2E-A3D0-EB65E58A97CC}"
EndProject
Project("{2150E333-8FDC-42A3-9474-1A3956D46DE8}") = "NerdStore.Catalogo", "NerdStore.Catalogo", "{A4B0D37B-529B-417B-924B-94D68F7BD2DC}"
EndProject
Project("{FAE04EC0-301F-11D3-BF4B-00C04F79EFBC}") = "NerdStore.Catalogo.Domain", "src\NerdStore.Catalogo\src\NerdStore.Catalogo.Domain\NerdStore.Catalogo.Domain.csproj", "{968B1B58-AD09-4871-9D5B-FB57D6822A93}"
EndProject
Project("{2150E333-8FDC-42A3-9474-1A3956D46DE8}") = "NerdStore.Core", "NerdStore.Core", "{CB4E5C2A-1647-4588-957A-042AEB6F70C8}"
EndProject
Project("{2150E333-8FDC-42A3-9474-1A3956D46DE8}") = "src", "src", "{C21A62BF-5D03-4679-BA96-BC568835F0B5}"
EndProject
Project("{FAE04EC0-301F-11D3-BF4B-00C04F79EFBC}") = "NerdStore.Core", "src\NerdStore.Core\src\NerdStore.Core\NerdStore.Core.csproj", "{2C2E0E65-D51C-43E4-AFFD-F996E1713BAB}"
EndProject
Project("{FAE04EC0-301F-11D3-BF4B-00C04F79EFBC}") = "tests", "tests\tests.csproj", "{001113FA-4F2B-4761-8B75-B81C694129EE}"
EndProject
Project("{2150E333-8FDC-42A3-9474-1A3956D46DE8}") = "src", "src", "{0D4A2B8D-104E-4415-B159-EDEDA9097972}"
EndProject
Project("{FAE04EC0-301F-11D3-BF4B-00C04F79EFBC}") = "NerdStore.Catalogo.Data", "src\NerdStore.Catalogo\src\NerdStore.Catalogo.Data\NerdStore.Catalogo.Data.csproj", "{53F7E3AA-7252-4E2C-B10A-F5A82D3B69BE}"
EndProject
Project("{2150E333-8FDC-42A3-9474-1A3956D46DE8}") = "NerdStore.Vendas", "NerdStore.Vendas", "{425D8375-B6E1-412B-8FD8-3B7C316C7BF2}"
EndProject
Project("{2150E333-8FDC-42A3-9474-1A3956D46DE8}") = "src", "src", "{771432B1-8953-4D69-9AC6-CFD016EE8891}"
EndProject
Project("{FAE04EC0-301F-11D3-BF4B-00C04F79EFBC}") = "NerdStore.Vendas.Domain", "src\NerdStore.Vendas\src\NerdStore.Vendas.Domain\NerdStore.Vendas.Domain.csproj", "{33708637-0C39-4E91-AE92-EFC50692C974}"
EndProject
Project("{FAE04EC0-301F-11D3-BF4B-00C04F79EFBC}") = "NerdStore.Vendas.Data", "src\NerdStore.Vendas\src\NerdStore.Vendas.Data\NerdStore.Vendas.Data.csproj", "{27B3F0BF-4A1D-45F0-93DD-2DF5BA5B116D}"
EndProject
Project("{2150E333-8FDC-42A3-9474-1A3956D46DE8}") = "NerdStore.Api", "NerdStore.Api", "{8334B8ED-E4EE-4FD1-B465-ACBBC426E999}"
EndProject
Project("{2150E333-8FDC-42A3-9474-1A3956D46DE8}") = "src", "src", "{45FC07A0-0FB6-4287-80B0-B0468E4D983D}"
EndProject
Project("{FAE04EC0-301F-11D3-BF4B-00C04F79EFBC}") = "NerdStore.Api", "src\NerdStore.Api\src\NerdStore.Api\NerdStore.Api.csproj", "{C367A961-A0B9-4FA4-8712-834920EDD8DA}"
EndProject
Project("{2150E333-8FDC-42A3-9474-1A3956D46DE8}") = "NerdStore.Pagamentos", "NerdStore.Pagamentos", "{7AF8BAC4-9517-4A1B-8FEC-1D8128E5D0C6}"
EndProject
Project("{2150E333-8FDC-42A3-9474-1A3956D46DE8}") = "src", "src", "{CC038B3C-C1BF-42E2-8908-4D86F19AB5EC}"
EndProject
Project("{FAE04EC0-301F-11D3-BF4B-00C04F79EFBC}") = "NerdStore.Pagamentos.Data", "src\NerdStore.Pagamentos\src\NerdStore.Pagamentos.Data\NerdStore.Pagamentos.Data.csproj", "{0F20015B-D9F4-490D-A5B7-032BC12807D3}"
EndProject
Project("{FAE04EC0-301F-11D3-BF4B-00C04F79EFBC}") = "NerdStore.Pagamentos.AntiCorruption", "src\NerdStore.Pagamentos\src\NerdStore.Pagamentos.AntiCorruption\NerdStore.Pagamentos.AntiCorruption.csproj", "{A26F071F-1719-4ED3-ABA4-776CBC9FB9A9}"
EndProject
Project("{FAE04EC0-301F-11D3-BF4B-00C04F79EFBC}") = "NerdStore.Pagamentos.Business", "src\NerdStore.Pagamentos\src\NerdStore.Pagamentos.Business\NerdStore.Pagamentos.Business.csproj", "{9E7A13C5-92AB-4A6F-8AFD-24594310E02B}"
EndProject
Global
	GlobalSection(SolutionConfigurationPlatforms) = preSolution
		Debug|Any CPU = Debug|Any CPU
		Release|Any CPU = Release|Any CPU
	EndGlobalSection
	GlobalSection(SolutionProperties) = preSolution
		HideSolutionNode = FALSE
	EndGlobalSection
	GlobalSection(ProjectConfigurationPlatforms) = postSolution
		{968B1B58-AD09-4871-9D5B-FB57D6822A93}.Debug|Any CPU.ActiveCfg = Debug|Any CPU
		{968B1B58-AD09-4871-9D5B-FB57D6822A93}.Debug|Any CPU.Build.0 = Debug|Any CPU
		{968B1B58-AD09-4871-9D5B-FB57D6822A93}.Release|Any CPU.ActiveCfg = Release|Any CPU
		{968B1B58-AD09-4871-9D5B-FB57D6822A93}.Release|Any CPU.Build.0 = Release|Any CPU
		{2C2E0E65-D51C-43E4-AFFD-F996E1713BAB}.Debug|Any CPU.ActiveCfg = Debug|Any CPU
		{2C2E0E65-D51C-43E4-AFFD-F996E1713BAB}.Debug|Any CPU.Build.0 = Debug|Any CPU
		{2C2E0E65-D51C-43E4-AFFD-F996E1713BAB}.Release|Any CPU.ActiveCfg = Release|Any CPU
		{2C2E0E65-D51C-43E4-AFFD-F996E1713BAB}.Release|Any CPU.Build.0 = Release|Any CPU
		{001113FA-4F2B-4761-8B75-B81C694129EE}.Debug|Any CPU.ActiveCfg = Debug|Any CPU
		{001113FA-4F2B-4761-8B75-B81C694129EE}.Debug|Any CPU.Build.0 = Debug|Any CPU
		{001113FA-4F2B-4761-8B75-B81C694129EE}.Release|Any CPU.ActiveCfg = Release|Any CPU
		{001113FA-4F2B-4761-8B75-B81C694129EE}.Release|Any CPU.Build.0 = Release|Any CPU
		{53F7E3AA-7252-4E2C-B10A-F5A82D3B69BE}.Debug|Any CPU.ActiveCfg = Debug|Any CPU
		{53F7E3AA-7252-4E2C-B10A-F5A82D3B69BE}.Debug|Any CPU.Build.0 = Debug|Any CPU
		{53F7E3AA-7252-4E2C-B10A-F5A82D3B69BE}.Release|Any CPU.ActiveCfg = Release|Any CPU
		{53F7E3AA-7252-4E2C-B10A-F5A82D3B69BE}.Release|Any CPU.Build.0 = Release|Any CPU
		{33708637-0C39-4E91-AE92-EFC50692C974}.Debug|Any CPU.ActiveCfg = Debug|Any CPU
		{33708637-0C39-4E91-AE92-EFC50692C974}.Debug|Any CPU.Build.0 = Debug|Any CPU
		{33708637-0C39-4E91-AE92-EFC50692C974}.Release|Any CPU.ActiveCfg = Release|Any CPU
		{33708637-0C39-4E91-AE92-EFC50692C974}.Release|Any CPU.Build.0 = Release|Any CPU
		{27B3F0BF-4A1D-45F0-93DD-2DF5BA5B116D}.Debug|Any CPU.ActiveCfg = Debug|Any CPU
		{27B3F0BF-4A1D-45F0-93DD-2DF5BA5B116D}.Debug|Any CPU.Build.0 = Debug|Any CPU
		{27B3F0BF-4A1D-45F0-93DD-2DF5BA5B116D}.Release|Any CPU.ActiveCfg = Release|Any CPU
		{27B3F0BF-4A1D-45F0-93DD-2DF5BA5B116D}.Release|Any CPU.Build.0 = Release|Any CPU
		{C367A961-A0B9-4FA4-8712-834920EDD8DA}.Debug|Any CPU.ActiveCfg = Debug|Any CPU
		{C367A961-A0B9-4FA4-8712-834920EDD8DA}.Debug|Any CPU.Build.0 = Debug|Any CPU
		{C367A961-A0B9-4FA4-8712-834920EDD8DA}.Release|Any CPU.ActiveCfg = Release|Any CPU
		{C367A961-A0B9-4FA4-8712-834920EDD8DA}.Release|Any CPU.Build.0 = Release|Any CPU
		{0F20015B-D9F4-490D-A5B7-032BC12807D3}.Debug|Any CPU.ActiveCfg = Debug|Any CPU
		{0F20015B-D9F4-490D-A5B7-032BC12807D3}.Debug|Any CPU.Build.0 = Debug|Any CPU
		{0F20015B-D9F4-490D-A5B7-032BC12807D3}.Release|Any CPU.ActiveCfg = Release|Any CPU
		{0F20015B-D9F4-490D-A5B7-032BC12807D3}.Release|Any CPU.Build.0 = Release|Any CPU
		{A26F071F-1719-4ED3-ABA4-776CBC9FB9A9}.Debug|Any CPU.ActiveCfg = Debug|Any CPU
		{A26F071F-1719-4ED3-ABA4-776CBC9FB9A9}.Debug|Any CPU.Build.0 = Debug|Any CPU
		{A26F071F-1719-4ED3-ABA4-776CBC9FB9A9}.Release|Any CPU.ActiveCfg = Release|Any CPU
		{A26F071F-1719-4ED3-ABA4-776CBC9FB9A9}.Release|Any CPU.Build.0 = Release|Any CPU
		{9E7A13C5-92AB-4A6F-8AFD-24594310E02B}.Debug|Any CPU.ActiveCfg = Debug|Any CPU
		{9E7A13C5-92AB-4A6F-8AFD-24594310E02B}.Debug|Any CPU.Build.0 = Debug|Any CPU
		{9E7A13C5-92AB-4A6F-8AFD-24594310E02B}.Release|Any CPU.ActiveCfg = Release|Any CPU
		{9E7A13C5-92AB-4A6F-8AFD-24594310E02B}.Release|Any CPU.Build.0 = Release|Any CPU
	EndGlobalSection
	GlobalSection(NestedProjects) = preSolution
		{A4B0D37B-529B-417B-924B-94D68F7BD2DC} = {BBDD89CC-B3D9-4B2E-A3D0-EB65E58A97CC}
		{CB4E5C2A-1647-4588-957A-042AEB6F70C8} = {BBDD89CC-B3D9-4B2E-A3D0-EB65E58A97CC}
		{C21A62BF-5D03-4679-BA96-BC568835F0B5} = {CB4E5C2A-1647-4588-957A-042AEB6F70C8}
		{2C2E0E65-D51C-43E4-AFFD-F996E1713BAB} = {C21A62BF-5D03-4679-BA96-BC568835F0B5}
		{0D4A2B8D-104E-4415-B159-EDEDA9097972} = {A4B0D37B-529B-417B-924B-94D68F7BD2DC}
		{53F7E3AA-7252-4E2C-B10A-F5A82D3B69BE} = {0D4A2B8D-104E-4415-B159-EDEDA9097972}
		{968B1B58-AD09-4871-9D5B-FB57D6822A93} = {0D4A2B8D-104E-4415-B159-EDEDA9097972}
		{425D8375-B6E1-412B-8FD8-3B7C316C7BF2} = {BBDD89CC-B3D9-4B2E-A3D0-EB65E58A97CC}
		{771432B1-8953-4D69-9AC6-CFD016EE8891} = {425D8375-B6E1-412B-8FD8-3B7C316C7BF2}
		{33708637-0C39-4E91-AE92-EFC50692C974} = {771432B1-8953-4D69-9AC6-CFD016EE8891}
		{27B3F0BF-4A1D-45F0-93DD-2DF5BA5B116D} = {771432B1-8953-4D69-9AC6-CFD016EE8891}
		{8334B8ED-E4EE-4FD1-B465-ACBBC426E999} = {BBDD89CC-B3D9-4B2E-A3D0-EB65E58A97CC}
		{45FC07A0-0FB6-4287-80B0-B0468E4D983D} = {8334B8ED-E4EE-4FD1-B465-ACBBC426E999}
		{C367A961-A0B9-4FA4-8712-834920EDD8DA} = {45FC07A0-0FB6-4287-80B0-B0468E4D983D}
		{7AF8BAC4-9517-4A1B-8FEC-1D8128E5D0C6} = {BBDD89CC-B3D9-4B2E-A3D0-EB65E58A97CC}
		{CC038B3C-C1BF-42E2-8908-4D86F19AB5EC} = {7AF8BAC4-9517-4A1B-8FEC-1D8128E5D0C6}
		{0F20015B-D9F4-490D-A5B7-032BC12807D3} = {CC038B3C-C1BF-42E2-8908-4D86F19AB5EC}
		{A26F071F-1719-4ED3-ABA4-776CBC9FB9A9} = {CC038B3C-C1BF-42E2-8908-4D86F19AB5EC}
		{9E7A13C5-92AB-4A6F-8AFD-24594310E02B} = {CC038B3C-C1BF-42E2-8908-4D86F19AB5EC}
	EndGlobalSection
EndGlobal
