
Microsoft Visual Studio Solution File, Format Version 12.00
# Visual Studio Version 16
VisualStudioVersion = 16.0.30114.105
MinimumVisualStudioVersion = 10.0.40219.1
Project("{2150E333-8FDC-42A3-9474-1A3956D46DE8}") = "src", "src", "{BBDD89CC-B3D9-4B2E-A3D0-EB65E58A97CC}"
EndProject
Project("{2150E333-8FDC-42A3-9474-1A3956D46DE8}") = "NerdStore.Catalogo", "NerdStore.Catalogo", "{A4B0D37B-529B-417B-924B-94D68F7BD2DC}"
EndProject
Project("{FAE04EC0-301F-11D3-BF4B-00C04F79EFBC}") = "NerdStore.Catalogo.Domain", "src\NerdStore.Catalogo\src\NerdStore.Catalogo.Domain\NerdStore.Catalogo.Domain.csproj", "{968B1B58-AD09-4871-9D5B-FB57D6822A93}"
EndProject
Project("{2150E333-8FDC-42A3-9474-1A3956D46DE8}") = "NerdStore.Core", "NerdStore.Core", "{CB4E5C2A-1647-4588-957A-042AEB6F70C8}"
EndProject
Project("{2150E333-8FDC-42A3-9474-1A3956D46DE8}") = "src", "src", "{C21A62BF-5D03-4679-BA96-BC568835F0B5}"
EndProject
Project("{FAE04EC0-301F-11D3-BF4B-00C04F79EFBC}") = "NerdStore.Core", "src\NerdStore.Core\src\NerdStore.Core\NerdStore.Core.csproj", "{2C2E0E65-D51C-43E4-AFFD-F996E1713BAB}"
EndProject
Project("{FAE04EC0-301F-11D3-BF4B-00C04F79EFBC}") = "tests", "tests\tests.csproj", "{001113FA-4F2B-4761-8B75-B81C694129EE}"
EndProject
Project("{2150E333-8FDC-42A3-9474-1A3956D46DE8}") = "src", "src", "{0D4A2B8D-104E-4415-B159-EDEDA9097972}"
EndProject
Project("{FAE04EC0-301F-11D3-BF4B-00C04F79EFBC}") = "NerdStore.Catalogo.Data", "src\NerdStore.Catalogo\src\NerdStore.Catalogo.Data\NerdStore.Catalogo.Data.csproj", "{53F7E3AA-7252-4E2C-B10A-F5A82D3B69BE}"
EndProject
Project("{FAE04EC0-301F-11D3-BF4B-00C04F79EFBC}") = "NerdStore.Catalogo.Api", "src\NerdStore.Catalogo\src\NerdStore.Catalogo.Api\NerdStore.Catalogo.Api.csproj", "{69D08A87-2A5B-418E-A096-10E9EC0674D2}"
EndProject
Project("{2150E333-8FDC-42A3-9474-1A3956D46DE8}") = "NerdStore.Vendas", "NerdStore.Vendas", "{425D8375-B6E1-412B-8FD8-3B7C316C7BF2}"
EndProject
Project("{2150E333-8FDC-42A3-9474-1A3956D46DE8}") = "src", "src", "{771432B1-8953-4D69-9AC6-CFD016EE8891}"
EndProject
Project("{FAE04EC0-301F-11D3-BF4B-00C04F79EFBC}") = "NerdStore.Vendas.Domain", "src\NerdStore.Vendas\src\NerdStore.Vendas.Domain\NerdStore.Vendas.Domain.csproj", "{33708637-0C39-4E91-AE92-EFC50692C974}"
EndProject
Project("{FAE04EC0-301F-11D3-BF4B-00C04F79EFBC}") = "NerdStore.Vendas.Data", "src\NerdStore.Vendas\src\NerdStore.Vendas.Data\NerdStore.Vendas.Data.csproj", "{27B3F0BF-4A1D-45F0-93DD-2DF5BA5B116D}"
EndProject
Project("{FAE04EC0-301F-11D3-BF4B-00C04F79EFBC}") = "NerdStore.Vendas.Api", "src\NerdStore.Vendas\src\NerdStore.Vendas.Api\NerdStore.Vendas.Api.csproj", "{BD861AA2-6226-4D45-A8F1-0B3187B9A5B3}"
EndProject
Global
	GlobalSection(SolutionConfigurationPlatforms) = preSolution
		Debug|Any CPU = Debug|Any CPU
		Release|Any CPU = Release|Any CPU
	EndGlobalSection
	GlobalSection(SolutionProperties) = preSolution
		HideSolutionNode = FALSE
	EndGlobalSection
	GlobalSection(ProjectConfigurationPlatforms) = postSolution
		{968B1B58-AD09-4871-9D5B-FB57D6822A93}.Debug|Any CPU.ActiveCfg = Debug|Any CPU
		{968B1B58-AD09-4871-9D5B-FB57D6822A93}.Debug|Any CPU.Build.0 = Debug|Any CPU
		{968B1B58-AD09-4871-9D5B-FB57D6822A93}.Release|Any CPU.ActiveCfg = Release|Any CPU
		{968B1B58-AD09-4871-9D5B-FB57D6822A93}.Release|Any CPU.Build.0 = Release|Any CPU
		{2C2E0E65-D51C-43E4-AFFD-F996E1713BAB}.Debug|Any CPU.ActiveCfg = Debug|Any CPU
		{2C2E0E65-D51C-43E4-AFFD-F996E1713BAB}.Debug|Any CPU.Build.0 = Debug|Any CPU
		{2C2E0E65-D51C-43E4-AFFD-F996E1713BAB}.Release|Any CPU.ActiveCfg = Release|Any CPU
		{2C2E0E65-D51C-43E4-AFFD-F996E1713BAB}.Release|Any CPU.Build.0 = Release|Any CPU
		{001113FA-4F2B-4761-8B75-B81C694129EE}.Debug|Any CPU.ActiveCfg = Debug|Any CPU
		{001113FA-4F2B-4761-8B75-B81C694129EE}.Debug|Any CPU.Build.0 = Debug|Any CPU
		{001113FA-4F2B-4761-8B75-B81C694129EE}.Release|Any CPU.ActiveCfg = Release|Any CPU
		{001113FA-4F2B-4761-8B75-B81C694129EE}.Release|Any CPU.Build.0 = Release|Any CPU
		{53F7E3AA-7252-4E2C-B10A-F5A82D3B69BE}.Debug|Any CPU.ActiveCfg = Debug|Any CPU
		{53F7E3AA-7252-4E2C-B10A-F5A82D3B69BE}.Debug|Any CPU.Build.0 = Debug|Any CPU
		{53F7E3AA-7252-4E2C-B10A-F5A82D3B69BE}.Release|Any CPU.ActiveCfg = Release|Any CPU
		{53F7E3AA-7252-4E2C-B10A-F5A82D3B69BE}.Release|Any CPU.Build.0 = Release|Any CPU
		{69D08A87-2A5B-418E-A096-10E9EC0674D2}.Debug|Any CPU.ActiveCfg = Debug|Any CPU
		{69D08A87-2A5B-418E-A096-10E9EC0674D2}.Debug|Any CPU.Build.0 = Debug|Any CPU
		{69D08A87-2A5B-418E-A096-10E9EC0674D2}.Release|Any CPU.ActiveCfg = Release|Any CPU
		{69D08A87-2A5B-418E-A096-10E9EC0674D2}.Release|Any CPU.Build.0 = Release|Any CPU
		{33708637-0C39-4E91-AE92-EFC50692C974}.Debug|Any CPU.ActiveCfg = Debug|Any CPU
		{33708637-0C39-4E91-AE92-EFC50692C974}.Debug|Any CPU.Build.0 = Debug|Any CPU
		{33708637-0C39-4E91-AE92-EFC50692C974}.Release|Any CPU.ActiveCfg = Release|Any CPU
		{33708637-0C39-4E91-AE92-EFC50692C974}.Release|Any CPU.Build.0 = Release|Any CPU
		{27B3F0BF-4A1D-45F0-93DD-2DF5BA5B116D}.Debug|Any CPU.ActiveCfg = Debug|Any CPU
		{27B3F0BF-4A1D-45F0-93DD-2DF5BA5B116D}.Debug|Any CPU.Build.0 = Debug|Any CPU
		{27B3F0BF-4A1D-45F0-93DD-2DF5BA5B116D}.Release|Any CPU.ActiveCfg = Release|Any CPU
		{27B3F0BF-4A1D-45F0-93DD-2DF5BA5B116D}.Release|Any CPU.Build.0 = Release|Any CPU
		{BD861AA2-6226-4D45-A8F1-0B3187B9A5B3}.Debug|Any CPU.ActiveCfg = Debug|Any CPU
		{BD861AA2-6226-4D45-A8F1-0B3187B9A5B3}.Debug|Any CPU.Build.0 = Debug|Any CPU
		{BD861AA2-6226-4D45-A8F1-0B3187B9A5B3}.Release|Any CPU.ActiveCfg = Release|Any CPU
		{BD861AA2-6226-4D45-A8F1-0B3187B9A5B3}.Release|Any CPU.Build.0 = Release|Any CPU
	EndGlobalSection
	GlobalSection(NestedProjects) = preSolution
		{A4B0D37B-529B-417B-924B-94D68F7BD2DC} = {BBDD89CC-B3D9-4B2E-A3D0-EB65E58A97CC}
		{CB4E5C2A-1647-4588-957A-042AEB6F70C8} = {BBDD89CC-B3D9-4B2E-A3D0-EB65E58A97CC}
		{C21A62BF-5D03-4679-BA96-BC568835F0B5} = {CB4E5C2A-1647-4588-957A-042AEB6F70C8}
		{2C2E0E65-D51C-43E4-AFFD-F996E1713BAB} = {C21A62BF-5D03-4679-BA96-BC568835F0B5}
		{0D4A2B8D-104E-4415-B159-EDEDA9097972} = {A4B0D37B-529B-417B-924B-94D68F7BD2DC}
		{53F7E3AA-7252-4E2C-B10A-F5A82D3B69BE} = {0D4A2B8D-104E-4415-B159-EDEDA9097972}
		{968B1B58-AD09-4871-9D5B-FB57D6822A93} = {0D4A2B8D-104E-4415-B159-EDEDA9097972}
		{69D08A87-2A5B-418E-A096-10E9EC0674D2} = {0D4A2B8D-104E-4415-B159-EDEDA9097972}
		{425D8375-B6E1-412B-8FD8-3B7C316C7BF2} = {BBDD89CC-B3D9-4B2E-A3D0-EB65E58A97CC}
		{771432B1-8953-4D69-9AC6-CFD016EE8891} = {425D8375-B6E1-412B-8FD8-3B7C316C7BF2}
		{33708637-0C39-4E91-AE92-EFC50692C974} = {771432B1-8953-4D69-9AC6-CFD016EE8891}
		{27B3F0BF-4A1D-45F0-93DD-2DF5BA5B116D} = {771432B1-8953-4D69-9AC6-CFD016EE8891}
		{BD861AA2-6226-4D45-A8F1-0B3187B9A5B3} = {771432B1-8953-4D69-9AC6-CFD016EE8891}
	EndGlobalSection
EndGlobal
